{
  "name": "floor_switcher_tool",
  "version": "0.0.0",
  "lockfileVersion": 1,
  "requires": true,
  "dependencies": {
    "@cw-map/map": {
      "version": "2.1.2",
      "resolved": "https://lxdev.cityworks.com:8000/repository/npm-all/@cw-map/map/-/map-2.1.2.tgz",
      "integrity": "sha512-ZJvFDtFGFN5lEEDZ/xNgqjCLFjd/c9dKtgv44AUrvAcwZ6Ebm8cxXUdVy7xcD1YJbJeP/vCMPQUayavDdm2NvQ==",
      "dev": true
    },
    "@types/arcgis-js-api": {
      "version": "4.14.0",
      "resolved": "https://lxdev.cityworks.com:8000/repository/npm-all/@types/arcgis-js-api/-/arcgis-js-api-4.14.0.tgz",
      "integrity": "sha512-TGOfVtEpC5mIVqHwZRGS2OLx8D47AsPfUgDw/Z4IdTOOjMY+7/Hd25mu8xPkoEYNKy88jFYD/7eUIZWDBPUvKQ==",
      "dev": true
    },
    "@types/chai": {
      "version": "4.2.9",
      "resolved": "https://lxdev.cityworks.com:8000/repository/npm-all/@types/chai/-/chai-4.2.9.tgz",
      "integrity": "sha512-NeXgZj+MFL4izGqA4sapdYzkzQG+MtGra9vhQ58dnmDY++VgJaRUws+aLVV5zRJCYJl/8s9IjMmhiUw1WsKSmw==",
      "dev": true
    },
    "@types/dojo": {
      "version": "1.9.42",
      "resolved": "https://lxdev.cityworks.com:8000/repository/npm-all/@types/dojo/-/dojo-1.9.42.tgz",
      "integrity": "sha512-yFfw7uoOlCy6QgxTWIzii4/QOsIDXq9gX3/6iXQ2nz//Y23yWXFRaYpoQ7GW0fvPN3lKtYkXgv6GXtdtWlHFXg==",
      "dev": true
    },
    "typescript": {
      "version": "3.8.3",
      "resolved": "https://lxdev.cityworks.com:8000/repository/npm-all/typescript/-/typescript-3.8.3.tgz",
      "integrity": "sha512-MYlEfn5VrLNsgudQTVJeNaQFUAI7DkhnOjdpAp4T+ku1TfQClewlbSuTVHiA+8skNBgaf02TL/kLOvig4y3G8w==",
      "dev": true
    }
  }
}
